<?xml version="1.0" encoding="utf-8"?>
<Project ToolsVersion="4.0" xmlns="http://schemas.microsoft.com/developer/msbuild/2003">
  <ItemGroup>
    <Filter Include="Source Files">
      <UniqueIdentifier>{4FC737F1-C7A5-4376-A066-2A32D752A2FF}</UniqueIdentifier>
      <Extensions>cpp;c;cc;cxx;c++;cppm;ixx;def;odl;idl;hpj;bat;asm;asmx</Extensions>
    </Filter>
    <Filter Include="Header Files">
      <UniqueIdentifier>{93995380-89BD-4b04-88EB-625FBE52EBFB}</UniqueIdentifier>
      <Extensions>h;hh;hpp;hxx;h++;hm;inl;inc;ipp;xsd</Extensions>
    </Filter>
    <Filter Include="Resource Files">
      <UniqueIdentifier>{67DA6AB6-F800-4c08-8B7A-83BB121AAD01}</UniqueIdentifier>
      <Extensions>rc;ico;cur;bmp;dlg;rc2;rct;bin;rgs;gif;jpg;jpeg;jpe;resx;tiff;tif;png;wav;mfcribbon-ms</Extensions>
    </Filter>
    <Filter Include="Resource Files\Shaders">
      <UniqueIdentifier>{b2952f81-6bcf-4e4d-88b6-e7b245e9efd1}</UniqueIdentifier>
    </Filter>
    <Filter Include="Source Files\core">
      <UniqueIdentifier>{5ea6aab0-d19b-4229-8714-a86f0cdf1a38}</UniqueIdentifier>
    </Filter>
    <Filter Include="Header Files\core">
      <UniqueIdentifier>{b151d4ae-2bc7-4439-9e95-182c425ce9e4}</UniqueIdentifier>
    </Filter>
    <Filter Include="Source Files\util">
      <UniqueIdentifier>{5a184a10-9d32-4729-aef4-965d0a098743}</UniqueIdentifier>
    </Filter>
    <Filter Include="Header Files\util">
      <UniqueIdentifier>{f6a20afb-f2dc-4627-8cc9-afcf6a397614}</UniqueIdentifier>
    </Filter>
    <Filter Include="Header Files\engine">
      <UniqueIdentifier>{8ca4aadc-f061-4ddb-9571-68c71801b283}</UniqueIdentifier>
    </Filter>
    <Filter Include="Source Files\engine">
      <UniqueIdentifier>{2824e60e-2f59-48ec-9b8e-a560d846fff2}</UniqueIdentifier>
    </Filter>
    <Filter Include="Source Files\engine\generators">
      <UniqueIdentifier>{d22c709d-62dc-4517-a8f5-7e461ccce20a}</UniqueIdentifier>
    </Filter>
    <Filter Include="Header Files\engine\generators">
      <UniqueIdentifier>{0ff6f9c8-a519-473d-afed-f92a50cbb658}</UniqueIdentifier>
    </Filter>
  </ItemGroup>
  <ItemGroup>
    <ClCompile Include="main.cpp">
      <Filter>Source Files</Filter>
    </ClCompile>
    <ClCompile Include="camera.cpp">
      <Filter>Source Files\core</Filter>
    </ClCompile>
    <ClCompile Include="ebo.cpp">
      <Filter>Source Files\core</Filter>
    </ClCompile>
    <ClCompile Include="file.cpp">
      <Filter>Source Files\core</Filter>
    </ClCompile>
    <ClCompile Include="vbo.cpp">
      <Filter>Source Files\core</Filter>
    </ClCompile>
    <ClCompile Include="shader.cpp">
      <Filter>Source Files\core</Filter>
    </ClCompile>
    <ClCompile Include="shaderProgram.cpp">
      <Filter>Source Files\core</Filter>
    </ClCompile>
    <ClCompile Include="vao.cpp">
      <Filter>Source Files\core</Filter>
    </ClCompile>
    <ClCompile Include="glad.c">
      <Filter>Source Files\core</Filter>
    </ClCompile>
    <ClCompile Include="perlinNoise.cpp">
      <Filter>Source Files\util</Filter>
    </ClCompile>
    <ClCompile Include="boxGenerator.cpp">
      <Filter>Source Files\engine\generators</Filter>
    </ClCompile>
    <ClCompile Include="renderer.cpp">
      <Filter>Source Files\engine</Filter>
    </ClCompile>
    <ClCompile Include="rendereable.cpp">
      <Filter>Source Files\engine</Filter>
    </ClCompile>
  </ItemGroup>
  <ItemGroup>
    <None Include="default.frag">
      <Filter>Resource Files\Shaders</Filter>
    </None>
    <None Include="default.vert">
      <Filter>Resource Files\Shaders</Filter>
    </None>
  </ItemGroup>
  <ItemGroup>
    <ClInclude Include="vbo.h">
      <Filter>Header Files\core</Filter>
    </ClInclude>
    <ClInclude Include="camera.h">
      <Filter>Header Files\core</Filter>
    </ClInclude>
    <ClInclude Include="ebo.h">
      <Filter>Header Files\core</Filter>
    </ClInclude>
    <ClInclude Include="file.h">
      <Filter>Header Files\core</Filter>
    </ClInclude>
    <ClInclude Include="shader.h">
      <Filter>Header Files\core</Filter>
    </ClInclude>
    <ClInclude Include="shaderProgram.h">
      <Filter>Header Files\core</Filter>
    </ClInclude>
    <ClInclude Include="vao.h">
      <Filter>Header Files\core</Filter>
    </ClInclude>
    <ClInclude Include="perlinNoise.h">
      <Filter>Header Files\util</Filter>
    </ClInclude>
    <ClInclude Include="renderable.h">
      <Filter>Header Files\engine</Filter>
    </ClInclude>
    <ClInclude Include="renderer.h">
      <Filter>Header Files\engine</Filter>
    </ClInclude>
    <ClInclude Include="boxGenerator.h">
      <Filter>Header Files\engine\generators</Filter>
    </ClInclude>
    <ClInclude Include="lightComposition.h">
      <Filter>Header Files\engine</Filter>
    </ClInclude>
  </ItemGroup>
</Project>